// !$*UTF8*$!
{
	archiveVersion = 1;
	classes = {
	};
	objectVersion = 56;
	objects = {

/* Begin PBXBuildFile section */
		A10000010000000000000001 /* main.swift in Sources */ = {isa = PBXBuildFile; fileRef = A20000010000000000000001; };
		A10000010000000000000002 /* App.swift in Sources */ = {isa = PBXBuildFile; fileRef = A20000010000000000000002; };
		A10000010000000000000003 /* SkyLight.swift in Sources */ = {isa = PBXBuildFile; fileRef = A20000010000000000000003; };
		A10000010000000000000004 /* Permissions.swift in Sources */ = {isa = PBXBuildFile; fileRef = A20000010000000000000004; };
		A10000010000000000000005 /* WindowInfo.swift in Sources */ = {isa = PBXBuildFile; fileRef = A20000010000000000000005; };
		A10000010000000000000006 /* WindowManager.swift in Sources */ = {isa = PBXBuildFile; fileRef = A20000010000000000000006; };
		A10000010000000000000007 /* Thumbnail.swift in Sources */ = {isa = PBXBuildFile; fileRef = A20000010000000000000007; };
		A10000010000000000000008 /* Hotkey.swift in Sources */ = {isa = PBXBuildFile; fileRef = A20000010000000000000008; };
		A10000010000000000000009 /* TileView.swift in Sources */ = {isa = PBXBuildFile; fileRef = A20000010000000000000009; };
		A1000001000000000000000A /* OverlayPanel.swift in Sources */ = {isa = PBXBuildFile; fileRef = A2000001000000000000000A; };
		A1000001000000000000000B /* OverlayView.swift in Sources */ = {isa = PBXBuildFile; fileRef = A2000001000000000000000B; };
		A1000001000000000000000C /* LifecycleReconciler.swift in Sources */ = {isa = PBXBuildFile; fileRef = A2000001000000000000000C; };
		A1000001000000000000000D /* WindowManager+AppTracking.swift in Sources */ = {isa = PBXBuildFile; fileRef = A2000001000000000000000D; };
		A1000001000000000000000E /* WindowManager+WindowDiscovery.swift in Sources */ = {isa = PBXBuildFile; fileRef = A2000001000000000000000E; };
		A1000001000000000000000F /* TileLayout.swift in Sources */ = {isa = PBXBuildFile; fileRef = A2000001000000000000000F; };
		A10000010000000000000010 /* SwitcherSession.swift in Sources */ = {isa = PBXBuildFile; fileRef = A20000010000000000000010; };
		A10000010000000000000011 /* AXHelpers.swift in Sources */ = {isa = PBXBuildFile; fileRef = A20000010000000000000011; };
/* End PBXBuildFile section */

/* Begin PBXFileReference section */
		A20000010000000000000001 /* main.swift */ = {isa = PBXFileReference; lastKnownFileType = sourcecode.swift; path = main.swift; sourceTree = "<group>"; };
		A20000010000000000000002 /* App.swift */ = {isa = PBXFileReference; lastKnownFileType = sourcecode.swift; path = App.swift; sourceTree = "<group>"; };
		A20000010000000000000003 /* SkyLight.swift */ = {isa = PBXFileReference; lastKnownFileType = sourcecode.swift; path = SkyLight.swift; sourceTree = "<group>"; };
		A20000010000000000000004 /* Permissions.swift */ = {isa = PBXFileReference; lastKnownFileType = sourcecode.swift; path = Permissions.swift; sourceTree = "<group>"; };
		A20000010000000000000005 /* WindowInfo.swift */ = {isa = PBXFileReference; lastKnownFileType = sourcecode.swift; path = WindowInfo.swift; sourceTree = "<group>"; };
		A20000010000000000000006 /* WindowManager.swift */ = {isa = PBXFileReference; lastKnownFileType = sourcecode.swift; path = WindowManager.swift; sourceTree = "<group>"; };
		A20000010000000000000007 /* Thumbnail.swift */ = {isa = PBXFileReference; lastKnownFileType = sourcecode.swift; path = Thumbnail.swift; sourceTree = "<group>"; };
		A20000010000000000000008 /* Hotkey.swift */ = {isa = PBXFileReference; lastKnownFileType = sourcecode.swift; path = Hotkey.swift; sourceTree = "<group>"; };
		A20000010000000000000009 /* TileView.swift */ = {isa = PBXFileReference; lastKnownFileType = sourcecode.swift; path = TileView.swift; sourceTree = "<group>"; };
		A2000001000000000000000A /* OverlayPanel.swift */ = {isa = PBXFileReference; lastKnownFileType = sourcecode.swift; path = OverlayPanel.swift; sourceTree = "<group>"; };
		A2000001000000000000000B /* OverlayView.swift */ = {isa = PBXFileReference; lastKnownFileType = sourcecode.swift; path = OverlayView.swift; sourceTree = "<group>"; };
		A2000001000000000000000C /* LifecycleReconciler.swift */ = {isa = PBXFileReference; lastKnownFileType = sourcecode.swift; path = LifecycleReconciler.swift; sourceTree = "<group>"; };
		A2000001000000000000000D /* WindowManager+AppTracking.swift */ = {isa = PBXFileReference; lastKnownFileType = sourcecode.swift; path = "WindowManager+AppTracking.swift"; sourceTree = "<group>"; };
		A2000001000000000000000E /* WindowManager+WindowDiscovery.swift */ = {isa = PBXFileReference; lastKnownFileType = sourcecode.swift; path = "WindowManager+WindowDiscovery.swift"; sourceTree = "<group>"; };
		A2000001000000000000000F /* TileLayout.swift */ = {isa = PBXFileReference; lastKnownFileType = sourcecode.swift; path = TileLayout.swift; sourceTree = "<group>"; };
		A20000010000000000000010 /* SwitcherSession.swift */ = {isa = PBXFileReference; lastKnownFileType = sourcecode.swift; path = SwitcherSession.swift; sourceTree = "<group>"; };
		A20000010000000000000011 /* AXHelpers.swift */ = {isa = PBXFileReference; lastKnownFileType = sourcecode.swift; path = AXHelpers.swift; sourceTree = "<group>"; };
		A30000010000000000000001 /* AltTab.app */ = {isa = PBXFileReference; explicitFileType = wrapper.application; includeInIndex = 0; path = AltTab.app; sourceTree = BUILT_PRODUCTS_DIR; };
		A30000010000000000000002 /* Info.plist */ = {isa = PBXFileReference; lastKnownFileType = text.plist.xml; path = Info.plist; sourceTree = "<group>"; };
		A30000010000000000000003 /* AltTab.entitlements */ = {isa = PBXFileReference; lastKnownFileType = text.plist.entitlements; path = AltTab.entitlements; sourceTree = "<group>"; };
/* End PBXFileReference section */

/* Begin PBXFrameworksBuildPhase section */
		A40000010000000000000001 /* Frameworks */ = {
			isa = PBXFrameworksBuildPhase;
			buildActionMask = 2147483647;
			files = (
			);
			runOnlyForDeploymentPostprocessing = 0;
		};
/* End PBXFrameworksBuildPhase section */

/* Begin PBXGroup section */
		A50000010000000000000001 /* root */ = {
			isa = PBXGroup;
			children = (
				A50000010000000000000002 /* AltTab */,
				A50000010000000000000004 /* Products */,
			);
			sourceTree = "<group>";
		};
		A50000010000000000000002 /* AltTab */ = {
			isa = PBXGroup;
			children = (
				A30000010000000000000002 /* Info.plist */,
				A30000010000000000000003 /* AltTab.entitlements */,
				A50000010000000000000003 /* Sources */,
			);
			path = AltTab;
			sourceTree = "<group>";
		};
		A50000010000000000000003 /* Sources */ = {
			isa = PBXGroup;
			children = (
				A50000010000000000000005 /* Core */,
				A50000010000000000000006 /* Hotkey */,
				A50000010000000000000007 /* Windows */,
				A50000010000000000000008 /* Overlay */,
			);
			path = Sources;
			sourceTree = "<group>";
		};
		A50000010000000000000004 /* Products */ = {
			isa = PBXGroup;
			children = (
				A30000010000000000000001 /* AltTab.app */,
			);
			name = Products;
			sourceTree = "<group>";
		};
		A50000010000000000000005 /* Core */ = {
			isa = PBXGroup;
			children = (
				A20000010000000000000001 /* main.swift */,
				A20000010000000000000002 /* App.swift */,
				A20000010000000000000010 /* SwitcherSession.swift */,
				A20000010000000000000004 /* Permissions.swift */,
			);
			path = Core;
			sourceTree = "<group>";
		};
		A50000010000000000000006 /* Hotkey */ = {
			isa = PBXGroup;
			children = (
				A20000010000000000000008 /* Hotkey.swift */,
				A20000010000000000000003 /* SkyLight.swift */,
			);
			path = Hotkey;
			sourceTree = "<group>";
		};
		A50000010000000000000007 /* Windows */ = {
			isa = PBXGroup;
			children = (
				A20000010000000000000011 /* AXHelpers.swift */,
				A20000010000000000000005 /* WindowInfo.swift */,
				A20000010000000000000006 /* WindowManager.swift */,
				A2000001000000000000000D /* WindowManager+AppTracking.swift */,
				A2000001000000000000000E /* WindowManager+WindowDiscovery.swift */,
				A2000001000000000000000C /* LifecycleReconciler.swift */,
			);
			path = Windows;
			sourceTree = "<group>";
		};
		A50000010000000000000008 /* Overlay */ = {
			isa = PBXGroup;
			children = (
				A2000001000000000000000A /* OverlayPanel.swift */,
				A2000001000000000000000B /* OverlayView.swift */,
				A2000001000000000000000F /* TileLayout.swift */,
				A20000010000000000000009 /* TileView.swift */,
				A20000010000000000000007 /* Thumbnail.swift */,
			);
			path = Overlay;
			sourceTree = "<group>";
		};
/* End PBXGroup section */

/* Begin PBXNativeTarget section */
		A60000010000000000000001 /* AltTab */ = {
			isa = PBXNativeTarget;
			buildConfigurationList = A80000010000000000000002 /* Build configuration list for PBXNativeTarget "AltTab" */;
			buildPhases = (
				A70000010000000000000001 /* Sources */,
				A40000010000000000000001 /* Frameworks */,
			);
			buildRules = (
			);
			dependencies = (
			);
			name = AltTab;
			productName = AltTab;
			productReference = A30000010000000000000001 /* AltTab.app */;
			productType = "com.apple.product-type.application";
		};
/* End PBXNativeTarget section */

/* Begin PBXProject section */
		A90000010000000000000001 /* Project object */ = {
			isa = PBXProject;
			attributes = {
				BuildIndependentTargetsInParallel = 1;
				LastSwiftUpdateCheck = 1540;
				LastUpgradeCheck = 1540;
			};
			buildConfigurationList = A80000010000000000000001 /* Build configuration list for PBXProject "AltTab" */;
			compatibilityVersion = "Xcode 14.0";
			developmentRegion = en;
			hasScannedForEncodings = 0;
			knownRegions = (
				en,
				Base,
			);
			mainGroup = A50000010000000000000001;
			productRefGroup = A50000010000000000000004 /* Products */;
			projectDirPath = "";
			projectRoot = "";
			targets = (
				A60000010000000000000001 /* AltTab */,
			);
		};
/* End PBXProject section */

/* Begin PBXSourcesBuildPhase section */
		A70000010000000000000001 /* Sources */ = {
			isa = PBXSourcesBuildPhase;
			buildActionMask = 2147483647;
			files = (
				A10000010000000000000001 /* main.swift in Sources */,
				A10000010000000000000002 /* App.swift in Sources */,
				A10000010000000000000010 /* SwitcherSession.swift in Sources */,
				A10000010000000000000004 /* Permissions.swift in Sources */,
				A10000010000000000000008 /* Hotkey.swift in Sources */,
				A10000010000000000000003 /* SkyLight.swift in Sources */,
				A10000010000000000000011 /* AXHelpers.swift in Sources */,
				A10000010000000000000005 /* WindowInfo.swift in Sources */,
				A10000010000000000000006 /* WindowManager.swift in Sources */,
				A1000001000000000000000D /* WindowManager+AppTracking.swift in Sources */,
				A1000001000000000000000E /* WindowManager+WindowDiscovery.swift in Sources */,
				A1000001000000000000000C /* LifecycleReconciler.swift in Sources */,
				A1000001000000000000000A /* OverlayPanel.swift in Sources */,
				A1000001000000000000000B /* OverlayView.swift in Sources */,
				A1000001000000000000000F /* TileLayout.swift in Sources */,
				A10000010000000000000009 /* TileView.swift in Sources */,
				A10000010000000000000007 /* Thumbnail.swift in Sources */,
			);
			runOnlyForDeploymentPostprocessing = 0;
		};
/* End PBXSourcesBuildPhase section */

/* Begin XCBuildConfiguration section */
		B10000010000000000000001 /* Debug */ = {
			isa = XCBuildConfiguration;
			buildSettings = {
				ALWAYS_SEARCH_USER_PATHS = NO;
				CLANG_ANALYZER_NONNULL = YES;
				CLANG_CXX_LANGUAGE_STANDARD = "gnu++20";
				CLANG_ENABLE_MODULES = YES;
				CLANG_ENABLE_OBJC_ARC = YES;
				COPY_PHASE_STRIP = NO;
				DEBUG_INFORMATION_FORMAT = dwarf;
				ENABLE_STRICT_OBJC_MSGSEND = YES;
				ENABLE_TESTABILITY = YES;
				GCC_DYNAMIC_NO_PIC = NO;
				GCC_NO_COMMON_BLOCKS = YES;
				GCC_OPTIMIZATION_LEVEL = 0;
				GCC_PREPROCESSOR_DEFINITIONS = (
					"DEBUG=1",
					"$(inherited)",
				);
				GCC_WARN_64_TO_32_BIT_CONVERSION = YES;
				GCC_WARN_ABOUT_RETURN_TYPE = YES_ERROR;
				GCC_WARN_UNDECLARED_SELECTOR = YES;
				GCC_WARN_UNINITIALIZED_AUTOS = YES_AGGRESSIVE;
				GCC_WARN_UNUSED_FUNCTION = YES;
				GCC_WARN_UNUSED_VARIABLE = YES;
				MACOSX_DEPLOYMENT_TARGET = 13.0;
				MTL_ENABLE_DEBUG_INFO = INCLUDE_SOURCE;
				MTL_FAST_MATH = YES;
				ONLY_ACTIVE_ARCH = YES;
				SDKROOT = macosx;
				SWIFT_ACTIVE_COMPILATION_CONDITIONS = DEBUG;
				SWIFT_OPTIMIZATION_LEVEL = "-Onone";
			};
			name = Debug;
		};
		B10000010000000000000002 /* Release */ = {
			isa = XCBuildConfiguration;
			buildSettings = {
				ALWAYS_SEARCH_USER_PATHS = NO;
				CLANG_ANALYZER_NONNULL = YES;
				CLANG_CXX_LANGUAGE_STANDARD = "gnu++20";
				CLANG_ENABLE_MODULES = YES;
				CLANG_ENABLE_OBJC_ARC = YES;
				COPY_PHASE_STRIP = NO;
				DEBUG_INFORMATION_FORMAT = "dwarf-with-dsym";
				ENABLE_NS_ASSERTIONS = NO;
				ENABLE_STRICT_OBJC_MSGSEND = YES;
				GCC_NO_COMMON_BLOCKS = YES;
				GCC_WARN_64_TO_32_BIT_CONVERSION = YES;
				GCC_WARN_ABOUT_RETURN_TYPE = YES_ERROR;
				GCC_WARN_UNDECLARED_SELECTOR = YES;
				GCC_WARN_UNINITIALIZED_AUTOS = YES_AGGRESSIVE;
				GCC_WARN_UNUSED_FUNCTION = YES;
				GCC_WARN_UNUSED_VARIABLE = YES;
				MACOSX_DEPLOYMENT_TARGET = 13.0;
				MTL_ENABLE_DEBUG_INFO = NO;
				MTL_FAST_MATH = YES;
				SDKROOT = macosx;
				SWIFT_COMPILATION_MODE = wholemodule;
				SWIFT_OPTIMIZATION_LEVEL = "-O";
			};
			name = Release;
		};
		B10000010000000000000003 /* Debug */ = {
			isa = XCBuildConfiguration;
			buildSettings = {
				CODE_SIGN_ENTITLEMENTS = AltTab/AltTab.entitlements;
				CODE_SIGN_IDENTITY = "AltTab Dev Signing";
				CODE_SIGN_STYLE = Manual;
				COMBINE_HIDPI_IMAGES = YES;
				FRAMEWORK_SEARCH_PATHS = (
					"$(inherited)",
					"/System/Library/PrivateFrameworks",
				);
				INFOPLIST_FILE = AltTab/Info.plist;
				LD_RUNPATH_SEARCH_PATHS = (
					"$(inherited)",
					"@executable_path/../Frameworks",
				);
				OTHER_LDFLAGS = (
					"-framework",
					SkyLight,
				);
				PRODUCT_BUNDLE_IDENTIFIER = dev.kai.AltTab;
				PRODUCT_NAME = "$(TARGET_NAME)";
				SWIFT_VERSION = 6.0;
			};
			name = Debug;
		};
		B10000010000000000000004 /* Release */ = {
			isa = XCBuildConfiguration;
			buildSettings = {
				CODE_SIGN_ENTITLEMENTS = AltTab/AltTab.entitlements;
				CODE_SIGN_IDENTITY = "AltTab Dev Signing";
				CODE_SIGN_STYLE = Manual;
				COMBINE_HIDPI_IMAGES = YES;
				FRAMEWORK_SEARCH_PATHS = (
					"$(inherited)",
					"/System/Library/PrivateFrameworks",
				);
				INFOPLIST_FILE = AltTab/Info.plist;
				LD_RUNPATH_SEARCH_PATHS = (
					"$(inherited)",
					"@executable_path/../Frameworks",
				);
				OTHER_LDFLAGS = (
					"-framework",
					SkyLight,
				);
				PRODUCT_BUNDLE_IDENTIFIER = dev.kai.AltTab;
				PRODUCT_NAME = "$(TARGET_NAME)";
				SWIFT_VERSION = 6.0;
			};
			name = Release;
		};
/* End XCBuildConfiguration section */

/* Begin XCConfigurationList section */
		A80000010000000000000001 /* Build configuration list for PBXProject "AltTab" */ = {
			isa = XCConfigurationList;
			buildConfigurations = (
				B10000010000000000000001 /* Debug */,
				B10000010000000000000002 /* Release */,
			);
			defaultConfigurationIsVisible = 0;
			defaultConfigurationName = Release;
		};
		A80000010000000000000002 /* Build configuration list for PBXNativeTarget "AltTab" */ = {
			isa = XCConfigurationList;
			buildConfigurations = (
				B10000010000000000000003 /* Debug */,
				B10000010000000000000004 /* Release */,
			);
			defaultConfigurationIsVisible = 0;
			defaultConfigurationName = Release;
		};
/* End XCConfigurationList section */

	};
	rootObject = A90000010000000000000001 /* Project object */;
}
